// !$*UTF8*$!
{
	archiveVersion = 1;
	classes = {
	};
	objectVersion = 48;
	objects = {

/* Begin PBXBuildFile section */
		B05D67EB1F89A026006D37D9 /* AppDelegate.swift in Sources */ = {isa = PBXBuildFile; fileRef = B05D67EA1F89A026006D37D9 /* AppDelegate.swift */; };
		B05D67ED1F89A026006D37D9 /* ViewController.swift in Sources */ = {isa = PBXBuildFile; fileRef = B05D67EC1F89A026006D37D9 /* ViewController.swift */; };
		B05D67F01F89A026006D37D9 /* Main.storyboard in Resources */ = {isa = PBXBuildFile; fileRef = B05D67EE1F89A026006D37D9 /* Main.storyboard */; };
		B05D67F21F89A026006D37D9 /* Assets.xcassets in Resources */ = {isa = PBXBuildFile; fileRef = B05D67F11F89A026006D37D9 /* Assets.xcassets */; };
		B05D67F51F89A026006D37D9 /* LaunchScreen.storyboard in Resources */ = {isa = PBXBuildFile; fileRef = B05D67F31F89A026006D37D9 /* LaunchScreen.storyboard */; };
		B05D67FD1F89A075006D37D9 /* Cube.scn in Resources */ = {isa = PBXBuildFile; fileRef = B05D67FC1F89A075006D37D9 /* Cube.scn */; };
/* End PBXBuildFile section */

/* Begin PBXFileReference section */
		B05D67E71F89A026006D37D9 /* ARKitTutorial.app */ = {isa = PBXFileReference; explicitFileType = wrapper.application; includeInIndex = 0; path = ARKitTutorial.app; sourceTree = BUILT_PRODUCTS_DIR; };
		B05D67EA1F89A026006D37D9 /* AppDelegate.swift */ = {isa = PBXFileReference; lastKnownFileType = sourcecode.swift; path = AppDelegate.swift; sourceTree = "<group>"; };
		B05D67EC1F89A026006D37D9 /* ViewController.swift */ = {isa = PBXFileReference; lastKnownFileType = sourcecode.swift; path = ViewController.swift; sourceTree = "<group>"; };
		B05D67EF1F89A026006D37D9 /* Base */ = {isa = PBXFileReference; lastKnownFileType = file.storyboard; name = Base; path = Base.lproj/Main.storyboard; sourceTree = "<group>"; };
		B05D67F11F89A026006D37D9 /* Assets.xcassets */ = {isa = PBXFileReference; lastKnownFileType = folder.assetcatalog; path = Assets.xcassets; sourceTree = "<group>"; };
		B05D67F41F89A026006D37D9 /* Base */ = {isa = PBXFileReference; lastKnownFileType = file.storyboard; name = Base; path = Base.lproj/LaunchScreen.storyboard; sourceTree = "<group>"; };
		B05D67F61F89A026006D37D9 /* Info.plist */ = {isa = PBXFileReference; lastKnownFileType = text.plist.xml; path = Info.plist; sourceTree = "<group>"; };
		B05D67FC1F89A075006D37D9 /* Cube.scn */ = {isa = PBXFileReference; lastKnownFileType = file.bplist; path = Cube.scn; sourceTree = "<group>"; };
/* End PBXFileReference section */

/* Begin PBXFrameworksBuildPhase section */
		B05D67E41F89A026006D37D9 /* Frameworks */ = {
			isa = PBXFrameworksBuildPhase;
			buildActionMask = 2147483647;
			files = (
			);
			runOnlyForDeploymentPostprocessing = 0;
		};
/* End PBXFrameworksBuildPhase section */

/* Begin PBXGroup section */
		B05D67DE1F89A026006D37D9 = {
			isa = PBXGroup;
			children = (
				B05D67E91F89A026006D37D9 /* ARKitTutorial */,
				B05D67E81F89A026006D37D9 /* Products */,
			);
			sourceTree = "<group>";
		};
		B05D67E81F89A026006D37D9 /* Products */ = {
			isa = PBXGroup;
			children = (
				B05D67E71F89A026006D37D9 /* ARKitTutorial.app */,
			);
			name = Products;
			sourceTree = "<group>";
		};
		B05D67E91F89A026006D37D9 /* ARKitTutorial */ = {
			isa = PBXGroup;
			children = (
				B05D67EA1F89A026006D37D9 /* AppDelegate.swift */,
				B05D67EC1F89A026006D37D9 /* ViewController.swift */,
				B05D67FC1F89A075006D37D9 /* Cube.scn */,
				B05D67EE1F89A026006D37D9 /* Main.storyboard */,
				B05D67F11F89A026006D37D9 /* Assets.xcassets */,
				B05D67F31F89A026006D37D9 /* LaunchScreen.storyboard */,
				B05D67F61F89A026006D37D9 /* Info.plist */,
			);
			path = ARKitTutorial;
			sourceTree = "<group>";
		};
/* End PBXGroup section */

/* Begin PBXNativeTarget section */
		B05D67E61F89A026006D37D9 /* ARKitTutorial */ = {
			isa = PBXNativeTarget;
			buildConfigurationList = B05D67F91F89A026006D37D9 /* Build configuration list for PBXNativeTarget "ARKitTutorial" */;
			buildPhases = (
				B05D67E31F89A026006D37D9 /* Sources */,
				B05D67E41F89A026006D37D9 /* Frameworks */,
				B05D67E51F89A026006D37D9 /* Resources */,
			);
			buildRules = (
			);
			dependencies = (
			);
			name = ARKitTutorial;
			productName = ARKitTutorial;
			productReference = B05D67E71F89A026006D37D9 /* ARKitTutorial.app */;
			productType = "com.apple.product-type.application";
		};
/* End PBXNativeTarget section */

/* Begin PBXProject section */
		B05D67DF1F89A026006D37D9 /* Project object */ = {
			isa = PBXProject;
			attributes = {
				LastSwiftUpdateCheck = 0900;
				LastUpgradeCheck = 0900;
				ORGANIZATIONNAME = "programming-xcode";
				TargetAttributes = {
					B05D67E61F89A026006D37D9 = {
						CreatedOnToolsVersion = 9.0;
						ProvisioningStyle = Automatic;
					};
				};
			};
			buildConfigurationList = B05D67E21F89A026006D37D9 /* Build configuration list for PBXProject "ARKitTutorial" */;
			compatibilityVersion = "Xcode 8.0";
			developmentRegion = en;
			hasScannedForEncodings = 0;
			knownRegions = (
				en,
				Base,
			);
			mainGroup = B05D67DE1F89A026006D37D9;
			productRefGroup = B05D67E81F89A026006D37D9 /* Products */;
			projectDirPath = "";
			projectRoot = "";
			targets = (
				B05D67E61F89A026006D37D9 /* ARKitTutorial */,
			);
		};
/* End PBXProject section */

/* Begin PBXResourcesBuildPhase section */
		B05D67E51F89A026006D37D9 /* Resources */ = {
			isa = PBXResourcesBuildPhase;
			buildActionMask = 2147483647;
			files = (
				B05D67F51F89A026006D37D9 /* LaunchScreen.storyboard in Resources */,
				B05D67FD1F89A075006D37D9 /* Cube.scn in Resources */,
				B05D67F21F89A026006D37D9 /* Assets.xcassets in Resources */,
				B05D67F01F89A026006D37D9 /* Main.storyboard in Resources */,
			);
			runOnlyForDeploymentPostprocessing = 0;
		};
/* End PBXResourcesBuildPhase section */

/* Begin PBXSourcesBuildPhase section */
		B05D67E31F89A026006D37D9 /* Sources */ = {
			isa = PBXSourcesBuildPhase;
			buildActionMask = 2147483647;
			files = (
				B05D67ED1F89A026006D37D9 /* ViewController.swift in Sources */,
				B05D67EB1F89A026006D37D9 /* AppDelegate.swift in Sources */,
			);
			runOnlyForDeploymentPostprocessing = 0;
		};
/* End PBXSourcesBuildPhase section */

/* Begin PBXVariantGroup section */
		B05D67EE1F89A026006D37D9 /* Main.storyboard */ = {
			isa = PBXVariantGroup;
			children = (
				B05D67EF1F89A026006D37D9 /* Base */,
			);
			name = Main.storyboard;
			sourceTree = "<group>";
		};
		B05D67F31F89A026006D37D9 /* LaunchScreen.storyboard */ = {
			isa = PBXVariantGroup;
			children = (
				B05D67F41F89A026006D37D9 /* Base */,
			);
			name = LaunchScreen.storyboard;
			sourceTree = "<group>";
		};
/* End PBXVariantGroup section */

/* Begin XCBuildConfiguration section */
		B05D67F71F89A026006D37D9 /* Debug */ = {
			isa = XCBuildConfiguration;
			buildSettings = {
				ALWAYS_SEARCH_USER_PATHS = NO;
				CLANG_ANALYZER_NONNULL = YES;
				CLANG_ANALYZER_NUMBER_OBJECT_CONVERSION = YES_AGGRESSIVE;
				CLANG_CXX_LANGUAGE_STANDARD = "gnu++14";
				CLANG_CXX_LIBRARY = "libc++";
				CLANG_ENABLE_MODULES = YES;
				CLANG_ENABLE_OBJC_ARC = YES;
				CLANG_WARN_BLOCK_CAPTURE_AUTORELEASING = YES;
				CLANG_WARN_BOOL_CONVERSION = YES;
				CLANG_WARN_COMMA = YES;
				CLANG_WARN_CONSTANT_CONVERSION = YES;
				CLANG_WARN_DIRECT_OBJC_ISA_USAGE = YES_ERROR;
				CLANG_WARN_DOCUMENTATION_COMMENTS = YES;
				CLANG_WARN_EMPTY_BODY = YES;
				CLANG_WARN_ENUM_CONVERSION = YES;
				CLANG_WARN_INFINITE_RECURSION = YES;
				CLANG_WARN_INT_CONVERSION = YES;
				CLANG_WARN_NON_LITERAL_NULL_CONVERSION = YES;
				CLANG_WARN_OBJC_LITERAL_CONVERSION = YES;
				CLANG_WARN_OBJC_ROOT_CLASS = YES_ERROR;
				CLANG_WARN_RANGE_LOOP_ANALYSIS = YES;
				CLANG_WARN_STRICT_PROTOTYPES = YES;
				CLANG_WARN_SUSPICIOUS_MOVE = YES;
				CLANG_WARN_UNGUARDED_AVAILABILITY = YES_AGGRESSIVE;
				CLANG_WARN_UNREACHABLE_CODE = YES;
				CLANG_WARN__DUPLICATE_METHOD_MATCH = YES;
				CODE_SIGN_IDENTITY = "iPhone Developer";
				COPY_PHASE_STRIP = NO;
				DEBUG_INFORMATION_FORMAT = dwarf;
				ENABLE_STRICT_OBJC_MSGSEND = YES;
				ENABLE_TESTABILITY = YES;
				GCC_C_LANGUAGE_STANDARD = gnu11;
				GCC_DYNAMIC_NO_PIC = NO;
				GCC_NO_COMMON_BLOCKS = YES;
				GCC_OPTIMIZATION_LEVEL = 0;
				GCC_PREPROCESSOR_DEFINITIONS = (
					"DEBUG=1",
					"$(inherited)",
				);
				GCC_WARN_64_TO_32_BIT_CONVERSION = YES;
				GCC_WARN_ABOUT_RETURN_TYPE = YES_ERROR;
				GCC_WARN_UNDECLARED_SELECTOR = YES;
				GCC_WARN_UNINITIALIZED_AUTOS = YES_AGGRESSIVE;
				GCC_WARN_UNUSED_FUNCTION = YES;
				GCC_WARN_UNUSED_VARIABLE = YES;
				IPHONEOS_DEPLOYMENT_TARGET = 11.0;
				MTL_ENABLE_DEBUG_INFO = YES;
				ONLY_ACTIVE_ARCH = YES;
				SDKROOT = iphoneos;
				SWIFT_ACTIVE_COMPILATION_CONDITIONS = DEBUG;
				SWIFT_OPTIMIZATION_LEVEL = "-Onone";
			};
			name = Debug;
		};
		B05D67F81F89A026006D37D9 /* Release */ = {
			isa = XCBuildConfiguration;
			buildSettings = {
				ALWAYS_SEARCH_USER_PATHS = NO;
				CLANG_ANALYZER_NONNULL = YES;
				CLANG_ANALYZER_NUMBER_OBJECT_CONVERSION = YES_AGGRESSIVE;
				CLANG_CXX_LANGUAGE_STANDARD = "gnu++14";
				CLANG_CXX_LIBRARY = "libc++";
				CLANG_ENABLE_MODULES = YES;
				CLANG_ENABLE_OBJC_ARC = YES;
				CLANG_WARN_BLOCK_CAPTURE_AUTORELEASING = YES;
				CLANG_WARN_BOOL_CONVERSION = YES;
				CLANG_WARN_COMMA = YES;
				CLANG_WARN_CONSTANT_CONVERSION = YES;
				CLANG_WARN_DIRECT_OBJC_ISA_USAGE = YES_ERROR;
				CLANG_WARN_DOCUMENTATION_COMMENTS = YES;
				CLANG_WARN_EMPTY_BODY = YES;
				CLANG_WARN_ENUM_CONVERSION = YES;
				CLANG_WARN_INFINITE_RECURSION = YES;
				CLANG_WARN_INT_CONVERSION = YES;
				CLANG_WARN_NON_LITERAL_NULL_CONVERSION = YES;
				CLANG_WARN_OBJC_LITERAL_CONVERSION = YES;
				CLANG_WARN_OBJC_ROOT_CLASS = YES_ERROR;
				CLANG_WARN_RANGE_LOOP_ANALYSIS = YES;
				CLANG_WARN_STRICT_PROTOTYPES = YES;
				CLANG_WARN_SUSPICIOUS_MOVE = YES;
				CLANG_WARN_UNGUARDED_AVAILABILITY = YES_AGGRESSIVE;
				CLANG_WARN_UNREACHABLE_CODE = YES;
				CLANG_WARN__DUPLICATE_METHOD_MATCH = YES;
				CODE_SIGN_IDENTITY = "iPhone Developer";
				COPY_PHASE_STRIP = NO;
				DEBUG_INFORMATION_FORMAT = "dwarf-with-dsym";
				ENABLE_NS_ASSERTIONS = NO;
				ENABLE_STRICT_OBJC_MSGSEND = YES;
				GCC_C_LANGUAGE_STANDARD = gnu11;
				GCC_NO_COMMON_BLOCKS = YES;
				GCC_WARN_64_TO_32_BIT_CONVERSION = YES;
				GCC_WARN_ABOUT_RETURN_TYPE = YES_ERROR;
				GCC_WARN_UNDECLARED_SELECTOR = YES;
				GCC_WARN_UNINITIALIZED_AUTOS = YES_AGGRESSIVE;
				GCC_WARN_UNUSED_FUNCTION = YES;
				GCC_WARN_UNUSED_VARIABLE = YES;
				IPHONEOS_DEPLOYMENT_TARGET = 11.0;
				MTL_ENABLE_DEBUG_INFO = NO;
				SDKROOT = iphoneos;
				SWIFT_OPTIMIZATION_LEVEL = "-Owholemodule";
				VALIDATE_PRODUCT = YES;
			};
			name = Release;
		};
		B05D67FA1F89A026006D37D9 /* Debug */ = {
			isa = XCBuildConfiguration;
			buildSettings = {
				ASSETCATALOG_COMPILER_APPICON_NAME = AppIcon;
				CODE_SIGN_STYLE = Automatic;
				DEVELOPMENT_TEAM = DEGR2UEJK4;
				INFOPLIST_FILE = ARKitTutorial/Info.plist;
				LD_RUNPATH_SEARCH_PATHS = "$(inherited) @executable_path/Frameworks";
				PRODUCT_BUNDLE_IDENTIFIER = com.JeffreyHuang.ARKitTutorial;
				PRODUCT_NAME = "$(TARGET_NAME)";
				SWIFT_VERSION = 4.0;
				TARGETED_DEVICE_FAMILY = "1,2";
			};
			name = Debug;
		};
		B05D67FB1F89A026006D37D9 /* Release */ = {
			isa = XCBuildConfiguration;
			buildSettings = {
				ASSETCATALOG_COMPILER_APPICON_NAME = AppIcon;
				CODE_SIGN_STYLE = Automatic;
				DEVELOPMENT_TEAM = DEGR2UEJK4;
				INFOPLIST_FILE = ARKitTutorial/Info.plist;
				LD_RUNPATH_SEARCH_PATHS = "$(inherited) @executable_path/Frameworks";
				PRODUCT_BUNDLE_IDENTIFIER = com.JeffreyHuang.ARKitTutorial;
				PRODUCT_NAME = "$(TARGET_NAME)";
				SWIFT_VERSION = 4.0;
				TARGETED_DEVICE_FAMILY = "1,2";
			};
			name = Release;
		};
/* End XCBuildConfiguration section */

/* Begin XCConfigurationList section */
		B05D67E21F89A026006D37D9 /* Build configuration list for PBXProject "ARKitTutorial" */ = {
			isa = XCConfigurationList;
			buildConfigurations = (
				B05D67F71F89A026006D37D9 /* Debug */,
				B05D67F81F89A026006D37D9 /* Release */,
			);
			defaultConfigurationIsVisible = 0;
			defaultConfigurationName = Release;
		};
		B05D67F91F89A026006D37D9 /* Build configuration list for PBXNativeTarget "ARKitTutorial" */ = {
			isa = XCConfigurationList;
			buildConfigurations = (
				B05D67FA1F89A026006D37D9 /* Debug */,
				B05D67FB1F89A026006D37D9 /* Release */,
			);
			defaultConfigurationIsVisible = 0;
			defaultConfigurationName = Release;
		};
/* End XCConfigurationList section */
	};
	rootObject = B05D67DF1F89A026006D37D9 /* Project object */;
}
